
Microsoft Visual Studio Solution File, Format Version 12.00
# Visual Studio Version 17
VisualStudioVersion = 17.9.34728.123
MinimumVisualStudioVersion = 10.0.40219.1
Project("{FAE04EC0-301F-11D3-BF4B-00C04F79EFBC}") = "Orange Beauty", "Orange Beauty\Orange Beauty.csproj", "{8817B32C-BCEC-4F85-B76D-5C3F148F6723}"
EndProject
Global
	GlobalSection(SolutionConfigurationPlatforms) = preSolution
		Debug|Any CPU = Debug|Any CPU
		Release|Any CPU = Release|Any CPU
	EndGlobalSection
	GlobalSection(ProjectConfigurationPlatforms) = postSolution
		{8817B32C-BCEC-4F85-B76D-5C3F148F6723}.Debug|Any CPU.ActiveCfg = Debug|Any CPU
		{8817B32C-BCEC-4F85-B76D-5C3F148F6723}.Debug|Any CPU.Build.0 = Debug|Any CPU
		{8817B32C-BCEC-4F85-B76D-5C3F148F6723}.Release|Any CPU.ActiveCfg = Release|Any CPU
		{8817B32C-BCEC-4F85-B76D-5C3F148F6723}.Release|Any CPU.Build.0 = Release|Any CPU
	EndGlobalSection
	GlobalSection(SolutionProperties) = preSolution
		HideSolutionNode = FALSE
	EndGlobalSection
	GlobalSection(ExtensibilityGlobals) = postSolution
		SolutionGuid = {62AF0239-DF29-4D45-AEB0-8725E291C685}
	EndGlobalSection
EndGlobal
